
Microsoft Visual Studio Solution File, Format Version 12.00
# Visual Studio Version 16
VisualStudioVersion = 16.0.34114.132
MinimumVisualStudioVersion = 10.0.40219.1
Project("{FAE04EC0-301F-11D3-BF4B-00C04F79EFBC}") = "AulaBd", "AulaBd.csproj", "{F01D65CD-B790-43F7-84A2-EC37E317AD60}"
EndProject
Global
	GlobalSection(SolutionConfigurationPlatforms) = preSolution
		Debug|Any CPU = Debug|Any CPU
		Release|Any CPU = Release|Any CPU
	EndGlobalSection
	GlobalSection(ProjectConfigurationPlatforms) = postSolution
		{F01D65CD-B790-43F7-84A2-EC37E317AD60}.Debug|Any CPU.ActiveCfg = Debug|Any CPU
		{F01D65CD-B790-43F7-84A2-EC37E317AD60}.Debug|Any CPU.Build.0 = Debug|Any CPU
		{F01D65CD-B790-43F7-84A2-EC37E317AD60}.Release|Any CPU.ActiveCfg = Release|Any CPU
		{F01D65CD-B790-43F7-84A2-EC37E317AD60}.Release|Any CPU.Build.0 = Release|Any CPU
	EndGlobalSection
	GlobalSection(SolutionProperties) = preSolution
		HideSolutionNode = FALSE
	EndGlobalSection
	GlobalSection(ExtensibilityGlobals) = postSolution
		SolutionGuid = {C0B8BBAA-DCA9-4365-ADF8-F4B8634F941A}
	EndGlobalSection
EndGlobal
